
Microsoft Visual Studio Solution File, Format Version 12.00
# Visual Studio Version 16
VisualStudioVersion = 16.0.30523.141
MinimumVisualStudioVersion = 10.0.40219.1
Project("{FAE04EC0-301F-11D3-BF4B-00C04F79EFBC}") = "Evo.API", "Evo.API\Evo.API.csproj", "{A675FB50-FEAD-4E58-8D3D-D9E093DAD2F1}"
EndProject
Global
	GlobalSection(SolutionConfigurationPlatforms) = preSolution
		Debug|Any CPU = Debug|Any CPU
		Release|Any CPU = Release|Any CPU
	EndGlobalSection
	GlobalSection(ProjectConfigurationPlatforms) = postSolution
		{A675FB50-FEAD-4E58-8D3D-D9E093DAD2F1}.Debug|Any CPU.ActiveCfg = Debug|Any CPU
		{A675FB50-FEAD-4E58-8D3D-D9E093DAD2F1}.Debug|Any CPU.Build.0 = Debug|Any CPU
		{A675FB50-FEAD-4E58-8D3D-D9E093DAD2F1}.Release|Any CPU.ActiveCfg = Release|Any CPU
		{A675FB50-FEAD-4E58-8D3D-D9E093DAD2F1}.Release|Any CPU.Build.0 = Release|Any CPU
	EndGlobalSection
	GlobalSection(SolutionProperties) = preSolution
		HideSolutionNode = FALSE
	EndGlobalSection
	GlobalSection(ExtensibilityGlobals) = postSolution
		SolutionGuid = {863AA628-7872-4FE2-A853-E2109C10E464}
	EndGlobalSection
EndGlobal
